// !$*UTF8*$!
{
	archiveVersion = 1;
	classes = {
	};
	objectVersion = 46;
	objects = {

/* Begin PBXBuildFile section */
		1C1C77731DCCC21000ADFA6C /* AppDelegate.swift in Sources */ = {isa = PBXBuildFile; fileRef = 1C1C77721DCCC21000ADFA6C /* AppDelegate.swift */; };
		1C1C77751DCCC21000ADFA6C /* FirstViewController.swift in Sources */ = {isa = PBXBuildFile; fileRef = 1C1C77741DCCC21000ADFA6C /* FirstViewController.swift */; };
		1C1C77781DCCC21000ADFA6C /* Main.storyboard in Resources */ = {isa = PBXBuildFile; fileRef = 1C1C77761DCCC21000ADFA6C /* Main.storyboard */; };
		1C1C777A1DCCC21000ADFA6C /* Assets.xcassets in Resources */ = {isa = PBXBuildFile; fileRef = 1C1C77791DCCC21000ADFA6C /* Assets.xcassets */; };
		1C1C777D1DCCC21000ADFA6C /* LaunchScreen.storyboard in Resources */ = {isa = PBXBuildFile; fileRef = 1C1C777B1DCCC21000ADFA6C /* LaunchScreen.storyboard */; };
		1C1C77951DCCD76B00ADFA6C /* Reusable.swift in Sources */ = {isa = PBXBuildFile; fileRef = 1C1C77931DCCD76B00ADFA6C /* Reusable.swift */; };
		1C1C77961DCCD76B00ADFA6C /* ReusableViewController.swift in Sources */ = {isa = PBXBuildFile; fileRef = 1C1C77941DCCD76B00ADFA6C /* ReusableViewController.swift */; };
		1C1C77981DCCD85000ADFA6C /* SecondViewController.swift in Sources */ = {isa = PBXBuildFile; fileRef = 1C1C77971DCCD85000ADFA6C /* SecondViewController.swift */; };
		1C5687941DCF6AE90068398A /* Model.swift in Sources */ = {isa = PBXBuildFile; fileRef = 1C5687931DCF6AE90068398A /* Model.swift */; };
		1C5687961DCF6F1C0068398A /* Boxable.swift in Sources */ = {isa = PBXBuildFile; fileRef = 1C5687951DCF6F1C0068398A /* Boxable.swift */; };
		1C56879E1DCF7E350068398A /* CITestUITests.swift in Sources */ = {isa = PBXBuildFile; fileRef = 1C56879D1DCF7E350068398A /* CITestUITests.swift */; };
		1C5687A61DCF974D0068398A /* CITestUnitTest.swift in Sources */ = {isa = PBXBuildFile; fileRef = 1C5687A51DCF974D0068398A /* CITestUnitTest.swift */; };
		4F474169EC03408B580DE466 /* Pods_CITest.framework in Frameworks */ = {isa = PBXBuildFile; fileRef = C9748E8BF4CF05DC9C686E54 /* Pods_CITest.framework */; };
		F1D4C983A0796AA4E580E6C6 /* Pods_CITestTests.framework in Frameworks */ = {isa = PBXBuildFile; fileRef = AB4A911D7C32BF9DBECF13CB /* Pods_CITestTests.framework */; };
/* End PBXBuildFile section */

/* Begin PBXContainerItemProxy section */
		1C1C77841DCCC21000ADFA6C /* PBXContainerItemProxy */ = {
			isa = PBXContainerItemProxy;
			containerPortal = 1C1C77671DCCC21000ADFA6C /* Project object */;
			proxyType = 1;
			remoteGlobalIDString = 1C1C776E1DCCC21000ADFA6C;
			remoteInfo = CITest;
		};
		1C5687A01DCF7E350068398A /* PBXContainerItemProxy */ = {
			isa = PBXContainerItemProxy;
			containerPortal = 1C1C77671DCCC21000ADFA6C /* Project object */;
			proxyType = 1;
			remoteGlobalIDString = 1C1C776E1DCCC21000ADFA6C;
			remoteInfo = CITest;
		};
/* End PBXContainerItemProxy section */

/* Begin PBXFileReference section */
		1C1C776F1DCCC21000ADFA6C /* CITest.app */ = {isa = PBXFileReference; explicitFileType = wrapper.application; includeInIndex = 0; path = CITest.app; sourceTree = BUILT_PRODUCTS_DIR; };
		1C1C77721DCCC21000ADFA6C /* AppDelegate.swift */ = {isa = PBXFileReference; lastKnownFileType = sourcecode.swift; path = AppDelegate.swift; sourceTree = "<group>"; };
		1C1C77741DCCC21000ADFA6C /* FirstViewController.swift */ = {isa = PBXFileReference; lastKnownFileType = sourcecode.swift; path = FirstViewController.swift; sourceTree = "<group>"; };
		1C1C77771DCCC21000ADFA6C /* Base */ = {isa = PBXFileReference; lastKnownFileType = file.storyboard; name = Base; path = Base.lproj/Main.storyboard; sourceTree = "<group>"; };
		1C1C77791DCCC21000ADFA6C /* Assets.xcassets */ = {isa = PBXFileReference; lastKnownFileType = folder.assetcatalog; path = Assets.xcassets; sourceTree = "<group>"; };
		1C1C777C1DCCC21000ADFA6C /* Base */ = {isa = PBXFileReference; lastKnownFileType = file.storyboard; name = Base; path = Base.lproj/LaunchScreen.storyboard; sourceTree = "<group>"; };
		1C1C777E1DCCC21000ADFA6C /* Info.plist */ = {isa = PBXFileReference; lastKnownFileType = text.plist.xml; path = Info.plist; sourceTree = "<group>"; };
		1C1C77831DCCC21000ADFA6C /* CITestTests.xctest */ = {isa = PBXFileReference; explicitFileType = wrapper.cfbundle; includeInIndex = 0; path = CITestTests.xctest; sourceTree = BUILT_PRODUCTS_DIR; };
		1C1C77891DCCC21000ADFA6C /* Info.plist */ = {isa = PBXFileReference; lastKnownFileType = text.plist.xml; path = Info.plist; sourceTree = "<group>"; };
		1C1C77931DCCD76B00ADFA6C /* Reusable.swift */ = {isa = PBXFileReference; fileEncoding = 4; lastKnownFileType = sourcecode.swift; path = Reusable.swift; sourceTree = "<group>"; };
		1C1C77941DCCD76B00ADFA6C /* ReusableViewController.swift */ = {isa = PBXFileReference; fileEncoding = 4; lastKnownFileType = sourcecode.swift; path = ReusableViewController.swift; sourceTree = "<group>"; };
		1C1C77971DCCD85000ADFA6C /* SecondViewController.swift */ = {isa = PBXFileReference; fileEncoding = 4; lastKnownFileType = sourcecode.swift; path = SecondViewController.swift; sourceTree = "<group>"; };
		1C5687931DCF6AE90068398A /* Model.swift */ = {isa = PBXFileReference; fileEncoding = 4; lastKnownFileType = sourcecode.swift; path = Model.swift; sourceTree = "<group>"; };
		1C5687951DCF6F1C0068398A /* Boxable.swift */ = {isa = PBXFileReference; fileEncoding = 4; lastKnownFileType = sourcecode.swift; path = Boxable.swift; sourceTree = "<group>"; };
		1C56879B1DCF7E350068398A /* CITestUITests.xctest */ = {isa = PBXFileReference; explicitFileType = wrapper.cfbundle; includeInIndex = 0; path = CITestUITests.xctest; sourceTree = BUILT_PRODUCTS_DIR; };
		1C56879D1DCF7E350068398A /* CITestUITests.swift */ = {isa = PBXFileReference; lastKnownFileType = sourcecode.swift; path = CITestUITests.swift; sourceTree = "<group>"; };
		1C56879F1DCF7E350068398A /* Info.plist */ = {isa = PBXFileReference; lastKnownFileType = text.plist.xml; path = Info.plist; sourceTree = "<group>"; };
		1C5687A51DCF974D0068398A /* CITestUnitTest.swift */ = {isa = PBXFileReference; fileEncoding = 4; lastKnownFileType = sourcecode.swift; path = CITestUnitTest.swift; sourceTree = "<group>"; };
		95674DFC8BCD306AEBC75CD5 /* Pods-CITestTests.debug.xcconfig */ = {isa = PBXFileReference; includeInIndex = 1; lastKnownFileType = text.xcconfig; name = "Pods-CITestTests.debug.xcconfig"; path = "Pods/Target Support Files/Pods-CITestTests/Pods-CITestTests.debug.xcconfig"; sourceTree = "<group>"; };
		A6AA5D2BF46F4473EE8AD9AF /* Pods-CITest.release.xcconfig */ = {isa = PBXFileReference; includeInIndex = 1; lastKnownFileType = text.xcconfig; name = "Pods-CITest.release.xcconfig"; path = "Pods/Target Support Files/Pods-CITest/Pods-CITest.release.xcconfig"; sourceTree = "<group>"; };
		AB4A911D7C32BF9DBECF13CB /* Pods_CITestTests.framework */ = {isa = PBXFileReference; explicitFileType = wrapper.framework; includeInIndex = 0; path = Pods_CITestTests.framework; sourceTree = BUILT_PRODUCTS_DIR; };
		C350CE2CD21443CA62730B19 /* Pods-CITestTests.release.xcconfig */ = {isa = PBXFileReference; includeInIndex = 1; lastKnownFileType = text.xcconfig; name = "Pods-CITestTests.release.xcconfig"; path = "Pods/Target Support Files/Pods-CITestTests/Pods-CITestTests.release.xcconfig"; sourceTree = "<group>"; };
		C9748E8BF4CF05DC9C686E54 /* Pods_CITest.framework */ = {isa = PBXFileReference; explicitFileType = wrapper.framework; includeInIndex = 0; path = Pods_CITest.framework; sourceTree = BUILT_PRODUCTS_DIR; };
		EC18D693F3AC85BA0BB9B42F /* Pods-CITest.debug.xcconfig */ = {isa = PBXFileReference; includeInIndex = 1; lastKnownFileType = text.xcconfig; name = "Pods-CITest.debug.xcconfig"; path = "Pods/Target Support Files/Pods-CITest/Pods-CITest.debug.xcconfig"; sourceTree = "<group>"; };
/* End PBXFileReference section */

/* Begin PBXFrameworksBuildPhase section */
		1C1C776C1DCCC21000ADFA6C /* Frameworks */ = {
			isa = PBXFrameworksBuildPhase;
			buildActionMask = 2147483647;
			files = (
				4F474169EC03408B580DE466 /* Pods_CITest.framework in Frameworks */,
			);
			runOnlyForDeploymentPostprocessing = 0;
		};
		1C1C77801DCCC21000ADFA6C /* Frameworks */ = {
			isa = PBXFrameworksBuildPhase;
			buildActionMask = 2147483647;
			files = (
				F1D4C983A0796AA4E580E6C6 /* Pods_CITestTests.framework in Frameworks */,
			);
			runOnlyForDeploymentPostprocessing = 0;
		};
		1C5687981DCF7E350068398A /* Frameworks */ = {
			isa = PBXFrameworksBuildPhase;
			buildActionMask = 2147483647;
			files = (
			);
			runOnlyForDeploymentPostprocessing = 0;
		};
/* End PBXFrameworksBuildPhase section */

/* Begin PBXGroup section */
		1C1C77661DCCC21000ADFA6C = {
			isa = PBXGroup;
			children = (
				1C1C77711DCCC21000ADFA6C /* CITest */,
				1C1C77861DCCC21000ADFA6C /* CITestTests */,
				1C56879C1DCF7E350068398A /* CITestUITests */,
				1C1C77701DCCC21000ADFA6C /* Products */,
				BDD251917598C493EEFFDB21 /* Pods */,
				78B546389739A050E50A0837 /* Frameworks */,
			);
			sourceTree = "<group>";
		};
		1C1C77701DCCC21000ADFA6C /* Products */ = {
			isa = PBXGroup;
			children = (
				1C1C776F1DCCC21000ADFA6C /* CITest.app */,
				1C1C77831DCCC21000ADFA6C /* CITestTests.xctest */,
				1C56879B1DCF7E350068398A /* CITestUITests.xctest */,
			);
			name = Products;
			sourceTree = "<group>";
		};
		1C1C77711DCCC21000ADFA6C /* CITest */ = {
			isa = PBXGroup;
			children = (
				1C1C77921DCCD76B00ADFA6C /* Protocols */,
				1C1C77721DCCC21000ADFA6C /* AppDelegate.swift */,
				1C1C77741DCCC21000ADFA6C /* FirstViewController.swift */,
				1C1C77761DCCC21000ADFA6C /* Main.storyboard */,
				1C1C77791DCCC21000ADFA6C /* Assets.xcassets */,
				1C1C777B1DCCC21000ADFA6C /* LaunchScreen.storyboard */,
				1C1C777E1DCCC21000ADFA6C /* Info.plist */,
				1C1C77971DCCD85000ADFA6C /* SecondViewController.swift */,
				1C5687931DCF6AE90068398A /* Model.swift */,
			);
			path = CITest;
			sourceTree = "<group>";
		};
		1C1C77861DCCC21000ADFA6C /* CITestTests */ = {
			isa = PBXGroup;
			children = (
				1C1C77891DCCC21000ADFA6C /* Info.plist */,
				1C5687A51DCF974D0068398A /* CITestUnitTest.swift */,
			);
			path = CITestTests;
			sourceTree = "<group>";
		};
		1C1C77921DCCD76B00ADFA6C /* Protocols */ = {
			isa = PBXGroup;
			children = (
				1C1C77931DCCD76B00ADFA6C /* Reusable.swift */,
				1C1C77941DCCD76B00ADFA6C /* ReusableViewController.swift */,
				1C5687951DCF6F1C0068398A /* Boxable.swift */,
			);
			name = Protocols;
			path = Reusable;
			sourceTree = "<group>";
		};
		1C56879C1DCF7E350068398A /* CITestUITests */ = {
			isa = PBXGroup;
			children = (
				1C56879D1DCF7E350068398A /* CITestUITests.swift */,
				1C56879F1DCF7E350068398A /* Info.plist */,
			);
			path = CITestUITests;
			sourceTree = "<group>";
		};
		78B546389739A050E50A0837 /* Frameworks */ = {
			isa = PBXGroup;
			children = (
				C9748E8BF4CF05DC9C686E54 /* Pods_CITest.framework */,
				AB4A911D7C32BF9DBECF13CB /* Pods_CITestTests.framework */,
			);
			name = Frameworks;
			sourceTree = "<group>";
		};
		BDD251917598C493EEFFDB21 /* Pods */ = {
			isa = PBXGroup;
			children = (
				EC18D693F3AC85BA0BB9B42F /* Pods-CITest.debug.xcconfig */,
				A6AA5D2BF46F4473EE8AD9AF /* Pods-CITest.release.xcconfig */,
				95674DFC8BCD306AEBC75CD5 /* Pods-CITestTests.debug.xcconfig */,
				C350CE2CD21443CA62730B19 /* Pods-CITestTests.release.xcconfig */,
			);
			name = Pods;
			sourceTree = "<group>";
		};
/* End PBXGroup section */

/* Begin PBXNativeTarget section */
		1C1C776E1DCCC21000ADFA6C /* CITest */ = {
			isa = PBXNativeTarget;
			buildConfigurationList = 1C1C778C1DCCC21000ADFA6C /* Build configuration list for PBXNativeTarget "CITest" */;
			buildPhases = (
				DFA01D711EBBB18EB1278DC4 /* [CP] Check Pods Manifest.lock */,
				1C1C776B1DCCC21000ADFA6C /* Sources */,
				1C1C776C1DCCC21000ADFA6C /* Frameworks */,
				1C1C776D1DCCC21000ADFA6C /* Resources */,
				1C1C77991DCCD9A500ADFA6C /* ShellScript */,
				684DBDF9D439794EAA05B796 /* [CP] Embed Pods Frameworks */,
				F6379955A653E8D3A5A5F96B /* [CP] Copy Pods Resources */,
			);
			buildRules = (
			);
			dependencies = (
			);
			name = CITest;
			productName = CITest;
			productReference = 1C1C776F1DCCC21000ADFA6C /* CITest.app */;
			productType = "com.apple.product-type.application";
		};
		1C1C77821DCCC21000ADFA6C /* CITestTests */ = {
			isa = PBXNativeTarget;
			buildConfigurationList = 1C1C778F1DCCC21000ADFA6C /* Build configuration list for PBXNativeTarget "CITestTests" */;
			buildPhases = (
				94F391448ACCCF8CF677EF26 /* [CP] Check Pods Manifest.lock */,
				1C1C777F1DCCC21000ADFA6C /* Sources */,
				1C1C77801DCCC21000ADFA6C /* Frameworks */,
				1C1C77811DCCC21000ADFA6C /* Resources */,
				1A7F93E4E5917AEBD0FD0B80 /* [CP] Embed Pods Frameworks */,
				0BCC62F90CA9D4EEB58BF16E /* [CP] Copy Pods Resources */,
			);
			buildRules = (
			);
			dependencies = (
				1C1C77851DCCC21000ADFA6C /* PBXTargetDependency */,
			);
			name = CITestTests;
			productName = CITestTests;
			productReference = 1C1C77831DCCC21000ADFA6C /* CITestTests.xctest */;
			productType = "com.apple.product-type.bundle.unit-test";
		};
		1C56879A1DCF7E350068398A /* CITestUITests */ = {
			isa = PBXNativeTarget;
			buildConfigurationList = 1C5687A41DCF7E350068398A /* Build configuration list for PBXNativeTarget "CITestUITests" */;
			buildPhases = (
				1C5687971DCF7E350068398A /* Sources */,
				1C5687981DCF7E350068398A /* Frameworks */,
				1C5687991DCF7E350068398A /* Resources */,
			);
			buildRules = (
			);
			dependencies = (
				1C5687A11DCF7E350068398A /* PBXTargetDependency */,
			);
			name = CITestUITests;
			productName = CITestUITests;
			productReference = 1C56879B1DCF7E350068398A /* CITestUITests.xctest */;
			productType = "com.apple.product-type.bundle.ui-testing";
		};
/* End PBXNativeTarget section */

/* Begin PBXProject section */
		1C1C77671DCCC21000ADFA6C /* Project object */ = {
			isa = PBXProject;
			attributes = {
				LastSwiftUpdateCheck = 0810;
				LastUpgradeCheck = 0810;
				ORGANIZATIONNAME = undabot;
				TargetAttributes = {
					1C1C776E1DCCC21000ADFA6C = {
						CreatedOnToolsVersion = 8.1;
						DevelopmentTeam = XU2GV7VZT6;
						ProvisioningStyle = Automatic;
					};
					1C1C77821DCCC21000ADFA6C = {
						CreatedOnToolsVersion = 8.1;
						DevelopmentTeam = XU2GV7VZT6;
						LastSwiftMigration = 0810;
						ProvisioningStyle = Automatic;
						TestTargetID = 1C1C776E1DCCC21000ADFA6C;
					};
					1C56879A1DCF7E350068398A = {
						CreatedOnToolsVersion = 8.1;
						DevelopmentTeam = TEU2W33Z6N;
						ProvisioningStyle = Automatic;
						TestTargetID = 1C1C776E1DCCC21000ADFA6C;
					};
				};
			};
			buildConfigurationList = 1C1C776A1DCCC21000ADFA6C /* Build configuration list for PBXProject "CITest" */;
			compatibilityVersion = "Xcode 3.2";
			developmentRegion = English;
			hasScannedForEncodings = 0;
			knownRegions = (
				en,
				Base,
			);
			mainGroup = 1C1C77661DCCC21000ADFA6C;
			productRefGroup = 1C1C77701DCCC21000ADFA6C /* Products */;
			projectDirPath = "";
			projectRoot = "";
			targets = (
				1C1C776E1DCCC21000ADFA6C /* CITest */,
				1C1C77821DCCC21000ADFA6C /* CITestTests */,
				1C56879A1DCF7E350068398A /* CITestUITests */,
			);
		};
/* End PBXProject section */

/* Begin PBXResourcesBuildPhase section */
		1C1C776D1DCCC21000ADFA6C /* Resources */ = {
			isa = PBXResourcesBuildPhase;
			buildActionMask = 2147483647;
			files = (
				1C1C777D1DCCC21000ADFA6C /* LaunchScreen.storyboard in Resources */,
				1C1C777A1DCCC21000ADFA6C /* Assets.xcassets in Resources */,
				1C1C77781DCCC21000ADFA6C /* Main.storyboard in Resources */,
			);
			runOnlyForDeploymentPostprocessing = 0;
		};
		1C1C77811DCCC21000ADFA6C /* Resources */ = {
			isa = PBXResourcesBuildPhase;
			buildActionMask = 2147483647;
			files = (
			);
			runOnlyForDeploymentPostprocessing = 0;
		};
		1C5687991DCF7E350068398A /* Resources */ = {
			isa = PBXResourcesBuildPhase;
			buildActionMask = 2147483647;
			files = (
			);
			runOnlyForDeploymentPostprocessing = 0;
		};
/* End PBXResourcesBuildPhase section */

/* Begin PBXShellScriptBuildPhase section */
		0BCC62F90CA9D4EEB58BF16E /* [CP] Copy Pods Resources */ = {
			isa = PBXShellScriptBuildPhase;
			buildActionMask = 2147483647;
			files = (
			);
			inputPaths = (
			);
			name = "[CP] Copy Pods Resources";
			outputPaths = (
			);
			runOnlyForDeploymentPostprocessing = 0;
			shellPath = /bin/sh;
			shellScript = "\"${SRCROOT}/Pods/Target Support Files/Pods-CITestTests/Pods-CITestTests-resources.sh\"\n";
			showEnvVarsInLog = 0;
		};
		1A7F93E4E5917AEBD0FD0B80 /* [CP] Embed Pods Frameworks */ = {
			isa = PBXShellScriptBuildPhase;
			buildActionMask = 2147483647;
			files = (
			);
			inputPaths = (
			);
			name = "[CP] Embed Pods Frameworks";
			outputPaths = (
			);
			runOnlyForDeploymentPostprocessing = 0;
			shellPath = /bin/sh;
			shellScript = "\"${SRCROOT}/Pods/Target Support Files/Pods-CITestTests/Pods-CITestTests-frameworks.sh\"\n";
			showEnvVarsInLog = 0;
		};
		1C1C77991DCCD9A500ADFA6C /* ShellScript */ = {
			isa = PBXShellScriptBuildPhase;
			buildActionMask = 2147483647;
			files = (
			);
			inputPaths = (
			);
			outputPaths = (
			);
			runOnlyForDeploymentPostprocessing = 0;
			shellPath = /bin/sh;
			shellScript = "if which swiftlint >/dev/null; then\n    swiftlint\nelse\n    echo \"warning: SwiftLint not installed, download from https://github.com/realm/SwiftLint\"\nfi";
		};
		684DBDF9D439794EAA05B796 /* [CP] Embed Pods Frameworks */ = {
			isa = PBXShellScriptBuildPhase;
			buildActionMask = 2147483647;
			files = (
			);
			inputPaths = (
			);
			name = "[CP] Embed Pods Frameworks";
			outputPaths = (
			);
			runOnlyForDeploymentPostprocessing = 0;
			shellPath = /bin/sh;
			shellScript = "\"${SRCROOT}/Pods/Target Support Files/Pods-CITest/Pods-CITest-frameworks.sh\"\n";
			showEnvVarsInLog = 0;
		};
		94F391448ACCCF8CF677EF26 /* [CP] Check Pods Manifest.lock */ = {
			isa = PBXShellScriptBuildPhase;
			buildActionMask = 2147483647;
			files = (
			);
			inputPaths = (
			);
			name = "[CP] Check Pods Manifest.lock";
			outputPaths = (
			);
			runOnlyForDeploymentPostprocessing = 0;
			shellPath = /bin/sh;
			shellScript = "diff \"${PODS_ROOT}/../Podfile.lock\" \"${PODS_ROOT}/Manifest.lock\" > /dev/null\nif [ $? != 0 ] ; then\n    # print error to STDERR\n    echo \"error: The sandbox is not in sync with the Podfile.lock. Run 'pod install' or update your CocoaPods installation.\" >&2\n    exit 1\nfi\n";
			showEnvVarsInLog = 0;
		};
		DFA01D711EBBB18EB1278DC4 /* [CP] Check Pods Manifest.lock */ = {
			isa = PBXShellScriptBuildPhase;
			buildActionMask = 2147483647;
			files = (
			);
			inputPaths = (
			);
			name = "[CP] Check Pods Manifest.lock";
			outputPaths = (
			);
			runOnlyForDeploymentPostprocessing = 0;
			shellPath = /bin/sh;
			shellScript = "diff \"${PODS_ROOT}/../Podfile.lock\" \"${PODS_ROOT}/Manifest.lock\" > /dev/null\nif [ $? != 0 ] ; then\n    # print error to STDERR\n    echo \"error: The sandbox is not in sync with the Podfile.lock. Run 'pod install' or update your CocoaPods installation.\" >&2\n    exit 1\nfi\n";
			showEnvVarsInLog = 0;
		};
		F6379955A653E8D3A5A5F96B /* [CP] Copy Pods Resources */ = {
			isa = PBXShellScriptBuildPhase;
			buildActionMask = 2147483647;
			files = (
			);
			inputPaths = (
			);
			name = "[CP] Copy Pods Resources";
			outputPaths = (
			);
			runOnlyForDeploymentPostprocessing = 0;
			shellPath = /bin/sh;
			shellScript = "\"${SRCROOT}/Pods/Target Support Files/Pods-CITest/Pods-CITest-resources.sh\"\n";
			showEnvVarsInLog = 0;
		};
/* End PBXShellScriptBuildPhase section */

/* Begin PBXSourcesBuildPhase section */
		1C1C776B1DCCC21000ADFA6C /* Sources */ = {
			isa = PBXSourcesBuildPhase;
			buildActionMask = 2147483647;
			files = (
				1C5687961DCF6F1C0068398A /* Boxable.swift in Sources */,
				1C1C77951DCCD76B00ADFA6C /* Reusable.swift in Sources */,
				1C1C77961DCCD76B00ADFA6C /* ReusableViewController.swift in Sources */,
				1C1C77751DCCC21000ADFA6C /* FirstViewController.swift in Sources */,
				1C5687941DCF6AE90068398A /* Model.swift in Sources */,
				1C1C77981DCCD85000ADFA6C /* SecondViewController.swift in Sources */,
				1C1C77731DCCC21000ADFA6C /* AppDelegate.swift in Sources */,
			);
			runOnlyForDeploymentPostprocessing = 0;
		};
		1C1C777F1DCCC21000ADFA6C /* Sources */ = {
			isa = PBXSourcesBuildPhase;
			buildActionMask = 2147483647;
			files = (
				1C5687A61DCF974D0068398A /* CITestUnitTest.swift in Sources */,
			);
			runOnlyForDeploymentPostprocessing = 0;
		};
		1C5687971DCF7E350068398A /* Sources */ = {
			isa = PBXSourcesBuildPhase;
			buildActionMask = 2147483647;
			files = (
				1C56879E1DCF7E350068398A /* CITestUITests.swift in Sources */,
			);
			runOnlyForDeploymentPostprocessing = 0;
		};
/* End PBXSourcesBuildPhase section */

/* Begin PBXTargetDependency section */
		1C1C77851DCCC21000ADFA6C /* PBXTargetDependency */ = {
			isa = PBXTargetDependency;
			target = 1C1C776E1DCCC21000ADFA6C /* CITest */;
			targetProxy = 1C1C77841DCCC21000ADFA6C /* PBXContainerItemProxy */;
		};
		1C5687A11DCF7E350068398A /* PBXTargetDependency */ = {
			isa = PBXTargetDependency;
			target = 1C1C776E1DCCC21000ADFA6C /* CITest */;
			targetProxy = 1C5687A01DCF7E350068398A /* PBXContainerItemProxy */;
		};
/* End PBXTargetDependency section */

/* Begin PBXVariantGroup section */
		1C1C77761DCCC21000ADFA6C /* Main.storyboard */ = {
			isa = PBXVariantGroup;
			children = (
				1C1C77771DCCC21000ADFA6C /* Base */,
			);
			name = Main.storyboard;
			sourceTree = "<group>";
		};
		1C1C777B1DCCC21000ADFA6C /* LaunchScreen.storyboard */ = {
			isa = PBXVariantGroup;
			children = (
				1C1C777C1DCCC21000ADFA6C /* Base */,
			);
			name = LaunchScreen.storyboard;
			sourceTree = "<group>";
		};
/* End PBXVariantGroup section */

/* Begin XCBuildConfiguration section */
		1C1C778A1DCCC21000ADFA6C /* Debug */ = {
			isa = XCBuildConfiguration;
			buildSettings = {
				ALWAYS_SEARCH_USER_PATHS = NO;
				CLANG_ANALYZER_NONNULL = YES;
				CLANG_CXX_LANGUAGE_STANDARD = "gnu++0x";
				CLANG_CXX_LIBRARY = "libc++";
				CLANG_ENABLE_MODULES = YES;
				CLANG_ENABLE_OBJC_ARC = YES;
				CLANG_WARN_BOOL_CONVERSION = YES;
				CLANG_WARN_CONSTANT_CONVERSION = YES;
				CLANG_WARN_DIRECT_OBJC_ISA_USAGE = YES_ERROR;
				CLANG_WARN_DOCUMENTATION_COMMENTS = YES;
				CLANG_WARN_EMPTY_BODY = YES;
				CLANG_WARN_ENUM_CONVERSION = YES;
				CLANG_WARN_INFINITE_RECURSION = YES;
				CLANG_WARN_INT_CONVERSION = YES;
				CLANG_WARN_OBJC_ROOT_CLASS = YES_ERROR;
				CLANG_WARN_SUSPICIOUS_MOVE = YES;
				CLANG_WARN_SUSPICIOUS_MOVES = YES;
				CLANG_WARN_UNREACHABLE_CODE = YES;
				CLANG_WARN__DUPLICATE_METHOD_MATCH = YES;
				"CODE_SIGN_IDENTITY[sdk=iphoneos*]" = "iPhone Developer";
				COPY_PHASE_STRIP = NO;
				DEBUG_INFORMATION_FORMAT = dwarf;
				ENABLE_STRICT_OBJC_MSGSEND = YES;
				ENABLE_TESTABILITY = YES;
				GCC_C_LANGUAGE_STANDARD = gnu99;
				GCC_DYNAMIC_NO_PIC = NO;
				GCC_NO_COMMON_BLOCKS = YES;
				GCC_OPTIMIZATION_LEVEL = 0;
				GCC_PREPROCESSOR_DEFINITIONS = (
					"DEBUG=1",
					"$(inherited)",
				);
				GCC_WARN_64_TO_32_BIT_CONVERSION = YES;
				GCC_WARN_ABOUT_RETURN_TYPE = YES_ERROR;
				GCC_WARN_UNDECLARED_SELECTOR = YES;
				GCC_WARN_UNINITIALIZED_AUTOS = YES_AGGRESSIVE;
				GCC_WARN_UNUSED_FUNCTION = YES;
				GCC_WARN_UNUSED_VARIABLE = YES;
				IPHONEOS_DEPLOYMENT_TARGET = 10.1;
				MTL_ENABLE_DEBUG_INFO = YES;
				ONLY_ACTIVE_ARCH = YES;
				SDKROOT = iphoneos;
				SWIFT_ACTIVE_COMPILATION_CONDITIONS = DEBUG;
				SWIFT_OPTIMIZATION_LEVEL = "-Onone";
			};
			name = Debug;
		};
		1C1C778B1DCCC21000ADFA6C /* Release */ = {
			isa = XCBuildConfiguration;
			buildSettings = {
				ALWAYS_SEARCH_USER_PATHS = NO;
				CLANG_ANALYZER_NONNULL = YES;
				CLANG_CXX_LANGUAGE_STANDARD = "gnu++0x";
				CLANG_CXX_LIBRARY = "libc++";
				CLANG_ENABLE_MODULES = YES;
				CLANG_ENABLE_OBJC_ARC = YES;
				CLANG_WARN_BOOL_CONVERSION = YES;
				CLANG_WARN_CONSTANT_CONVERSION = YES;
				CLANG_WARN_DIRECT_OBJC_ISA_USAGE = YES_ERROR;
				CLANG_WARN_DOCUMENTATION_COMMENTS = YES;
				CLANG_WARN_EMPTY_BODY = YES;
				CLANG_WARN_ENUM_CONVERSION = YES;
				CLANG_WARN_INFINITE_RECURSION = YES;
				CLANG_WARN_INT_CONVERSION = YES;
				CLANG_WARN_OBJC_ROOT_CLASS = YES_ERROR;
				CLANG_WARN_SUSPICIOUS_MOVE = YES;
				CLANG_WARN_SUSPICIOUS_MOVES = YES;
				CLANG_WARN_UNREACHABLE_CODE = YES;
				CLANG_WARN__DUPLICATE_METHOD_MATCH = YES;
				"CODE_SIGN_IDENTITY[sdk=iphoneos*]" = "iPhone Developer";
				COPY_PHASE_STRIP = NO;
				DEBUG_INFORMATION_FORMAT = "dwarf-with-dsym";
				ENABLE_NS_ASSERTIONS = NO;
				ENABLE_STRICT_OBJC_MSGSEND = YES;
				GCC_C_LANGUAGE_STANDARD = gnu99;
				GCC_NO_COMMON_BLOCKS = YES;
				GCC_WARN_64_TO_32_BIT_CONVERSION = YES;
				GCC_WARN_ABOUT_RETURN_TYPE = YES_ERROR;
				GCC_WARN_UNDECLARED_SELECTOR = YES;
				GCC_WARN_UNINITIALIZED_AUTOS = YES_AGGRESSIVE;
				GCC_WARN_UNUSED_FUNCTION = YES;
				GCC_WARN_UNUSED_VARIABLE = YES;
				IPHONEOS_DEPLOYMENT_TARGET = 10.1;
				MTL_ENABLE_DEBUG_INFO = NO;
				SDKROOT = iphoneos;
				SWIFT_OPTIMIZATION_LEVEL = "-Owholemodule";
				VALIDATE_PRODUCT = YES;
			};
			name = Release;
		};
		1C1C778D1DCCC21000ADFA6C /* Debug */ = {
			isa = XCBuildConfiguration;
			baseConfigurationReference = EC18D693F3AC85BA0BB9B42F /* Pods-CITest.debug.xcconfig */;
			buildSettings = {
				ASSETCATALOG_COMPILER_APPICON_NAME = AppIcon;
				CODE_SIGN_IDENTITY = "iPhone Developer";
				"CODE_SIGN_IDENTITY[sdk=iphoneos*]" = "iPhone Developer";
				DEVELOPMENT_TEAM = XU2GV7VZT6;
				FRAMEWORK_SEARCH_PATHS = (
					"$(inherited)",
					"\"$PODS_CONFIGURATION_BUILD_DIR/Alamofire\"",
					"$(PROJECT_DIR)/Carthage/Build/iOS",
				);
				INFOPLIST_FILE = CITest/Info.plist;
				IPHONEOS_DEPLOYMENT_TARGET = 10.1;
				LD_RUNPATH_SEARCH_PATHS = "$(inherited) $(PROJECT_DIR)/Carthage/Build/iOS @executable_path/Frameworks";
				PRODUCT_BUNDLE_IDENTIFIER = com.undabot.CITest;
				PRODUCT_NAME = "$(TARGET_NAME)";
				SWIFT_VERSION = 3.0;
			};
			name = Debug;
		};
		1C1C778E1DCCC21000ADFA6C /* Release */ = {
			isa = XCBuildConfiguration;
			baseConfigurationReference = A6AA5D2BF46F4473EE8AD9AF /* Pods-CITest.release.xcconfig */;
			buildSettings = {
				ASSETCATALOG_COMPILER_APPICON_NAME = AppIcon;
				CODE_SIGN_IDENTITY = "iPhone Developer";
				"CODE_SIGN_IDENTITY[sdk=iphoneos*]" = "iPhone Developer";
				DEVELOPMENT_TEAM = XU2GV7VZT6;
				FRAMEWORK_SEARCH_PATHS = (
					"$(inherited)",
					"\"$PODS_CONFIGURATION_BUILD_DIR/Alamofire\"",
					"$(PROJECT_DIR)/Carthage/Build/iOS",
				);
				INFOPLIST_FILE = CITest/Info.plist;
				IPHONEOS_DEPLOYMENT_TARGET = 10.1;
				LD_RUNPATH_SEARCH_PATHS = "$(inherited) $(PROJECT_DIR)/Carthage/Build/iOS @executable_path/Frameworks";
				PRODUCT_BUNDLE_IDENTIFIER = com.undabot.CITest;
				PRODUCT_NAME = "$(TARGET_NAME)";
				SWIFT_VERSION = 3.0;
			};
			name = Release;
		};
		1C1C77901DCCC21000ADFA6C /* Debug */ = {
			isa = XCBuildConfiguration;
			baseConfigurationReference = 95674DFC8BCD306AEBC75CD5 /* Pods-CITestTests.debug.xcconfig */;
			buildSettings = {
				ALWAYS_EMBED_SWIFT_STANDARD_LIBRARIES = YES;
				BUNDLE_LOADER = "$(TEST_HOST)";
				CLANG_ENABLE_MODULES = YES;
				DEVELOPMENT_TEAM = XU2GV7VZT6;
				FRAMEWORK_SEARCH_PATHS = (
					"$(inherited)",
					"\"$PODS_CONFIGURATION_BUILD_DIR/Alamofire\"",
					"$(PROJECT_DIR)/Carthage/Build/iOS",
				);
				INFOPLIST_FILE = CITestTests/Info.plist;
				LD_RUNPATH_SEARCH_PATHS = "$(inherited) @executable_path/Frameworks @loader_path/Frameworks";
				PRODUCT_BUNDLE_IDENTIFIER = undabot.CITestTests;
				PRODUCT_NAME = "$(TARGET_NAME)";
				SWIFT_OPTIMIZATION_LEVEL = "-Onone";
				SWIFT_VERSION = 3.0;
				TEST_HOST = "$(BUILT_PRODUCTS_DIR)/CITest.app/CITest";
			};
			name = Debug;
		};
		1C1C77911DCCC21000ADFA6C /* Release */ = {
			isa = XCBuildConfiguration;
			baseConfigurationReference = C350CE2CD21443CA62730B19 /* Pods-CITestTests.release.xcconfig */;
			buildSettings = {
				ALWAYS_EMBED_SWIFT_STANDARD_LIBRARIES = YES;
				BUNDLE_LOADER = "$(TEST_HOST)";
				CLANG_ENABLE_MODULES = YES;
				DEVELOPMENT_TEAM = XU2GV7VZT6;
				FRAMEWORK_SEARCH_PATHS = (
					"$(inherited)",
					"\"$PODS_CONFIGURATION_BUILD_DIR/Alamofire\"",
					"$(PROJECT_DIR)/Carthage/Build/iOS",
				);
				INFOPLIST_FILE = CITestTests/Info.plist;
				LD_RUNPATH_SEARCH_PATHS = "$(inherited) @executable_path/Frameworks @loader_path/Frameworks";
				PRODUCT_BUNDLE_IDENTIFIER = undabot.CITestTests;
				PRODUCT_NAME = "$(TARGET_NAME)";
				SWIFT_VERSION = 3.0;
				TEST_HOST = "$(BUILT_PRODUCTS_DIR)/CITest.app/CITest";
			};
			name = Release;
		};
		1C5687A21DCF7E350068398A /* Debug */ = {
			isa = XCBuildConfiguration;
			buildSettings = {
				DEVELOPMENT_TEAM = TEU2W33Z6N;
				INFOPLIST_FILE = CITestUITests/Info.plist;
				LD_RUNPATH_SEARCH_PATHS = "$(inherited) @executable_path/Frameworks @loader_path/Frameworks";
				PRODUCT_BUNDLE_IDENTIFIER = undabot.CITestUITests;
				PRODUCT_NAME = "$(TARGET_NAME)";
				SWIFT_VERSION = 3.0;
				TEST_TARGET_NAME = CITest;
			};
			name = Debug;
		};
		1C5687A31DCF7E350068398A /* Release */ = {
			isa = XCBuildConfiguration;
			buildSettings = {
				DEVELOPMENT_TEAM = TEU2W33Z6N;
				INFOPLIST_FILE = CITestUITests/Info.plist;
				LD_RUNPATH_SEARCH_PATHS = "$(inherited) @executable_path/Frameworks @loader_path/Frameworks";
				PRODUCT_BUNDLE_IDENTIFIER = undabot.CITestUITests;
				PRODUCT_NAME = "$(TARGET_NAME)";
				SWIFT_VERSION = 3.0;
				TEST_TARGET_NAME = CITest;
			};
			name = Release;
		};
/* End XCBuildConfiguration section */

/* Begin XCConfigurationList section */
		1C1C776A1DCCC21000ADFA6C /* Build configuration list for PBXProject "CITest" */ = {
			isa = XCConfigurationList;
			buildConfigurations = (
				1C1C778A1DCCC21000ADFA6C /* Debug */,
				1C1C778B1DCCC21000ADFA6C /* Release */,
			);
			defaultConfigurationIsVisible = 0;
			defaultConfigurationName = Release;
		};
		1C1C778C1DCCC21000ADFA6C /* Build configuration list for PBXNativeTarget "CITest" */ = {
			isa = XCConfigurationList;
			buildConfigurations = (
				1C1C778D1DCCC21000ADFA6C /* Debug */,
				1C1C778E1DCCC21000ADFA6C /* Release */,
			);
			defaultConfigurationIsVisible = 0;
			defaultConfigurationName = Release;
		};
		1C1C778F1DCCC21000ADFA6C /* Build configuration list for PBXNativeTarget "CITestTests" */ = {
			isa = XCConfigurationList;
			buildConfigurations = (
				1C1C77901DCCC21000ADFA6C /* Debug */,
				1C1C77911DCCC21000ADFA6C /* Release */,
			);
			defaultConfigurationIsVisible = 0;
			defaultConfigurationName = Release;
		};
		1C5687A41DCF7E350068398A /* Build configuration list for PBXNativeTarget "CITestUITests" */ = {
			isa = XCConfigurationList;
			buildConfigurations = (
				1C5687A21DCF7E350068398A /* Debug */,
				1C5687A31DCF7E350068398A /* Release */,
			);
			defaultConfigurationIsVisible = 0;
			defaultConfigurationName = Release;
		};
/* End XCConfigurationList section */
	};
	rootObject = 1C1C77671DCCC21000ADFA6C /* Project object */;
}
